
Microsoft Visual Studio Solution File, Format Version 12.00
# Visual Studio 15
VisualStudioVersion = 15.0.28010.2019
MinimumVisualStudioVersion = 10.0.40219.1
Project("{FAE04EC0-301F-11D3-BF4B-00C04F79EFBC}") = "News", "News\News.csproj", "{CD96291A-26EB-4AE7-B1A2-2F853E90C8A3}"
EndProject
Project("{2150E333-8FDC-42A3-9474-1A3956D46DE8}") = "01.Database", "01.Database", "{556E6E22-61B1-432B-B77E-361AAC827DB0}"
EndProject
Project("{2150E333-8FDC-42A3-9474-1A3956D46DE8}") = "02.Domain", "02.Domain", "{C1F140F8-AF47-4BC4-9F22-4A1150511760}"
EndProject
Project("{2150E333-8FDC-42A3-9474-1A3956D46DE8}") = "03.Infrastructure", "03.Infrastructure", "{38409B4C-28B1-40DF-88EB-0D014D907D04}"
EndProject
Project("{2150E333-8FDC-42A3-9474-1A3956D46DE8}") = "04.Presentation", "04.Presentation", "{E3F67666-361E-4CF6-A449-DD7E8EF31E4C}"
EndProject
Project("{00D1A9C2-B5F0-4AF3-8072-F6C62B433612}") = "News.Database", "News.Database\News.Database.sqlproj", "{AFA56C61-0471-4173-9CD1-B665782114B8}"
EndProject
Project("{FAE04EC0-301F-11D3-BF4B-00C04F79EFBC}") = "News.DTO", "News.DTO\News.DTO.csproj", "{1ECCEC04-7EB7-4DF6-9B7B-269BF865285B}"
EndProject
Project("{FAE04EC0-301F-11D3-BF4B-00C04F79EFBC}") = "News.Interface", "News.Interface\News.Interface.csproj", "{ABCEF99A-0D40-454F-B6FA-06C8B4DEE13F}"
EndProject
Project("{FAE04EC0-301F-11D3-BF4B-00C04F79EFBC}") = "News.Provider", "News.Provider\News.Provider.csproj", "{C9D09873-7806-497E-8D6A-EF879F2279FC}"
EndProject
Project("{FAE04EC0-301F-11D3-BF4B-00C04F79EFBC}") = "News.Repositories", "News.Repositories\News.Repositories.csproj", "{3EAEEE74-D855-4AD8-BB3E-1312582D5FD8}"
EndProject
Global
	GlobalSection(SolutionConfigurationPlatforms) = preSolution
		Debug|Any CPU = Debug|Any CPU
		Release|Any CPU = Release|Any CPU
	EndGlobalSection
	GlobalSection(ProjectConfigurationPlatforms) = postSolution
		{CD96291A-26EB-4AE7-B1A2-2F853E90C8A3}.Debug|Any CPU.ActiveCfg = Debug|Any CPU
		{CD96291A-26EB-4AE7-B1A2-2F853E90C8A3}.Debug|Any CPU.Build.0 = Debug|Any CPU
		{CD96291A-26EB-4AE7-B1A2-2F853E90C8A3}.Release|Any CPU.ActiveCfg = Release|Any CPU
		{CD96291A-26EB-4AE7-B1A2-2F853E90C8A3}.Release|Any CPU.Build.0 = Release|Any CPU
		{AFA56C61-0471-4173-9CD1-B665782114B8}.Debug|Any CPU.ActiveCfg = Debug|Any CPU
		{AFA56C61-0471-4173-9CD1-B665782114B8}.Debug|Any CPU.Build.0 = Debug|Any CPU
		{AFA56C61-0471-4173-9CD1-B665782114B8}.Debug|Any CPU.Deploy.0 = Debug|Any CPU
		{AFA56C61-0471-4173-9CD1-B665782114B8}.Release|Any CPU.ActiveCfg = Release|Any CPU
		{AFA56C61-0471-4173-9CD1-B665782114B8}.Release|Any CPU.Build.0 = Release|Any CPU
		{AFA56C61-0471-4173-9CD1-B665782114B8}.Release|Any CPU.Deploy.0 = Release|Any CPU
		{1ECCEC04-7EB7-4DF6-9B7B-269BF865285B}.Debug|Any CPU.ActiveCfg = Debug|Any CPU
		{1ECCEC04-7EB7-4DF6-9B7B-269BF865285B}.Debug|Any CPU.Build.0 = Debug|Any CPU
		{1ECCEC04-7EB7-4DF6-9B7B-269BF865285B}.Release|Any CPU.ActiveCfg = Release|Any CPU
		{1ECCEC04-7EB7-4DF6-9B7B-269BF865285B}.Release|Any CPU.Build.0 = Release|Any CPU
		{ABCEF99A-0D40-454F-B6FA-06C8B4DEE13F}.Debug|Any CPU.ActiveCfg = Debug|Any CPU
		{ABCEF99A-0D40-454F-B6FA-06C8B4DEE13F}.Debug|Any CPU.Build.0 = Debug|Any CPU
		{ABCEF99A-0D40-454F-B6FA-06C8B4DEE13F}.Release|Any CPU.ActiveCfg = Release|Any CPU
		{ABCEF99A-0D40-454F-B6FA-06C8B4DEE13F}.Release|Any CPU.Build.0 = Release|Any CPU
		{C9D09873-7806-497E-8D6A-EF879F2279FC}.Debug|Any CPU.ActiveCfg = Debug|Any CPU
		{C9D09873-7806-497E-8D6A-EF879F2279FC}.Debug|Any CPU.Build.0 = Debug|Any CPU
		{C9D09873-7806-497E-8D6A-EF879F2279FC}.Release|Any CPU.ActiveCfg = Release|Any CPU
		{C9D09873-7806-497E-8D6A-EF879F2279FC}.Release|Any CPU.Build.0 = Release|Any CPU
		{3EAEEE74-D855-4AD8-BB3E-1312582D5FD8}.Debug|Any CPU.ActiveCfg = Debug|Any CPU
		{3EAEEE74-D855-4AD8-BB3E-1312582D5FD8}.Debug|Any CPU.Build.0 = Debug|Any CPU
		{3EAEEE74-D855-4AD8-BB3E-1312582D5FD8}.Release|Any CPU.ActiveCfg = Release|Any CPU
		{3EAEEE74-D855-4AD8-BB3E-1312582D5FD8}.Release|Any CPU.Build.0 = Release|Any CPU
	EndGlobalSection
	GlobalSection(SolutionProperties) = preSolution
		HideSolutionNode = FALSE
	EndGlobalSection
	GlobalSection(NestedProjects) = preSolution
		{CD96291A-26EB-4AE7-B1A2-2F853E90C8A3} = {E3F67666-361E-4CF6-A449-DD7E8EF31E4C}
		{AFA56C61-0471-4173-9CD1-B665782114B8} = {556E6E22-61B1-432B-B77E-361AAC827DB0}
		{1ECCEC04-7EB7-4DF6-9B7B-269BF865285B} = {C1F140F8-AF47-4BC4-9F22-4A1150511760}
		{ABCEF99A-0D40-454F-B6FA-06C8B4DEE13F} = {C1F140F8-AF47-4BC4-9F22-4A1150511760}
		{C9D09873-7806-497E-8D6A-EF879F2279FC} = {C1F140F8-AF47-4BC4-9F22-4A1150511760}
		{3EAEEE74-D855-4AD8-BB3E-1312582D5FD8} = {38409B4C-28B1-40DF-88EB-0D014D907D04}
	EndGlobalSection
	GlobalSection(ExtensibilityGlobals) = postSolution
		SolutionGuid = {E258ED4A-7FFA-4B41-A67E-082704C8B9D9}
	EndGlobalSection
EndGlobal
